
Microsoft Visual Studio Solution File, Format Version 12.00
# Visual Studio Version 17
VisualStudioVersion = 17.5.33516.290
MinimumVisualStudioVersion = 10.0.40219.1
Project("{9A19103F-16F7-4668-BE54-9A1E7A4F7556}") = "ViSoft.Playground.WebAPI", "ViSoft.Playground.WebAPI\ViSoft.Playground.WebAPI.csproj", "{60D17A1D-D65E-4BE9-82CB-CCD6385DA067}"
EndProject
Project("{2150E333-8FDC-42A3-9474-1A3956D46DE8}") = "src", "src", "{6AA3B3BE-811A-4491-929B-3FD7D8B45AAA}"
EndProject
Project("{2150E333-8FDC-42A3-9474-1A3956D46DE8}") = "2. Application", "2. Application", "{CD62E49D-CB3E-45CE-8970-6FD764332CC2}"
EndProject
Project("{2150E333-8FDC-42A3-9474-1A3956D46DE8}") = "1. Domain", "1. Domain", "{95FF73BE-8850-4CCC-844A-D9F67E75C312}"
EndProject
Project("{2150E333-8FDC-42A3-9474-1A3956D46DE8}") = "4. Persistence", "4. Persistence", "{1B2A7B80-2007-4E0E-9182-E80861159592}"
EndProject
Project("{2150E333-8FDC-42A3-9474-1A3956D46DE8}") = "5. WebAPI", "5. WebAPI", "{7E191ABB-93FC-4496-94EC-92507C0F0828}"
EndProject
Project("{9A19103F-16F7-4668-BE54-9A1E7A4F7556}") = "ViSoft.Playground.Persistence.EF", "ViSoft.Playground.Persistence.EF\ViSoft.Playground.Persistence.EF.csproj", "{DD90FCDA-0513-448A-8BA7-3B70211A1829}"
EndProject
Project("{9A19103F-16F7-4668-BE54-9A1E7A4F7556}") = "ViSoft.Playground.Domain", "ViSoft.Playground.Domain\ViSoft.Playground.Domain.csproj", "{7D74C73F-F88D-42D4-93AE-0FE812D0AAD5}"
EndProject
Project("{9A19103F-16F7-4668-BE54-9A1E7A4F7556}") = "ViSoft.Playground.Application", "ViSoft.Playground.Application\ViSoft.Playground.Application.csproj", "{42317CCD-5AEF-4120-A5BE-BDC2868386D2}"
EndProject
Project("{9A19103F-16F7-4668-BE54-9A1E7A4F7556}") = "ViSoft.Playground.WebAPI.IntegrationTests", "ViSoft.Playground.WebAPI.IntegrationTests\ViSoft.Playground.WebAPI.IntegrationTests.csproj", "{4BF653D2-07C8-4BCD-99B1-1D8E8A382217}"
EndProject
Project("{2150E333-8FDC-42A3-9474-1A3956D46DE8}") = "3. Infrastructure", "3. Infrastructure", "{EF5ECDB0-CD5E-4593-8D96-EC40827706FD}"
EndProject
Project("{9A19103F-16F7-4668-BE54-9A1E7A4F7556}") = "ViSoft.Playground.Persistence.EF.Migrations", "ViSoft.Playground.Persistence.EF.Migrations\ViSoft.Playground.Persistence.EF.Migrations.csproj", "{9BDFE114-23E7-4261-A377-5326B9204B4F}"
EndProject
Global
	GlobalSection(SolutionConfigurationPlatforms) = preSolution
		Debug|Any CPU = Debug|Any CPU
		Release|Any CPU = Release|Any CPU
	EndGlobalSection
	GlobalSection(ProjectConfigurationPlatforms) = postSolution
		{60D17A1D-D65E-4BE9-82CB-CCD6385DA067}.Debug|Any CPU.ActiveCfg = Debug|Any CPU
		{60D17A1D-D65E-4BE9-82CB-CCD6385DA067}.Debug|Any CPU.Build.0 = Debug|Any CPU
		{60D17A1D-D65E-4BE9-82CB-CCD6385DA067}.Release|Any CPU.ActiveCfg = Release|Any CPU
		{60D17A1D-D65E-4BE9-82CB-CCD6385DA067}.Release|Any CPU.Build.0 = Release|Any CPU
		{DD90FCDA-0513-448A-8BA7-3B70211A1829}.Debug|Any CPU.ActiveCfg = Debug|Any CPU
		{DD90FCDA-0513-448A-8BA7-3B70211A1829}.Debug|Any CPU.Build.0 = Debug|Any CPU
		{DD90FCDA-0513-448A-8BA7-3B70211A1829}.Release|Any CPU.ActiveCfg = Release|Any CPU
		{DD90FCDA-0513-448A-8BA7-3B70211A1829}.Release|Any CPU.Build.0 = Release|Any CPU
		{7D74C73F-F88D-42D4-93AE-0FE812D0AAD5}.Debug|Any CPU.ActiveCfg = Debug|Any CPU
		{7D74C73F-F88D-42D4-93AE-0FE812D0AAD5}.Debug|Any CPU.Build.0 = Debug|Any CPU
		{7D74C73F-F88D-42D4-93AE-0FE812D0AAD5}.Release|Any CPU.ActiveCfg = Release|Any CPU
		{7D74C73F-F88D-42D4-93AE-0FE812D0AAD5}.Release|Any CPU.Build.0 = Release|Any CPU
		{42317CCD-5AEF-4120-A5BE-BDC2868386D2}.Debug|Any CPU.ActiveCfg = Debug|Any CPU
		{42317CCD-5AEF-4120-A5BE-BDC2868386D2}.Debug|Any CPU.Build.0 = Debug|Any CPU
		{42317CCD-5AEF-4120-A5BE-BDC2868386D2}.Release|Any CPU.ActiveCfg = Release|Any CPU
		{42317CCD-5AEF-4120-A5BE-BDC2868386D2}.Release|Any CPU.Build.0 = Release|Any CPU
		{4BF653D2-07C8-4BCD-99B1-1D8E8A382217}.Debug|Any CPU.ActiveCfg = Debug|Any CPU
		{4BF653D2-07C8-4BCD-99B1-1D8E8A382217}.Debug|Any CPU.Build.0 = Debug|Any CPU
		{4BF653D2-07C8-4BCD-99B1-1D8E8A382217}.Release|Any CPU.ActiveCfg = Release|Any CPU
		{4BF653D2-07C8-4BCD-99B1-1D8E8A382217}.Release|Any CPU.Build.0 = Release|Any CPU
		{9BDFE114-23E7-4261-A377-5326B9204B4F}.Debug|Any CPU.ActiveCfg = Debug|Any CPU
		{9BDFE114-23E7-4261-A377-5326B9204B4F}.Debug|Any CPU.Build.0 = Debug|Any CPU
		{9BDFE114-23E7-4261-A377-5326B9204B4F}.Release|Any CPU.ActiveCfg = Release|Any CPU
		{9BDFE114-23E7-4261-A377-5326B9204B4F}.Release|Any CPU.Build.0 = Release|Any CPU
	EndGlobalSection
	GlobalSection(SolutionProperties) = preSolution
		HideSolutionNode = FALSE
	EndGlobalSection
	GlobalSection(NestedProjects) = preSolution
		{60D17A1D-D65E-4BE9-82CB-CCD6385DA067} = {7E191ABB-93FC-4496-94EC-92507C0F0828}
		{CD62E49D-CB3E-45CE-8970-6FD764332CC2} = {6AA3B3BE-811A-4491-929B-3FD7D8B45AAA}
		{95FF73BE-8850-4CCC-844A-D9F67E75C312} = {6AA3B3BE-811A-4491-929B-3FD7D8B45AAA}
		{1B2A7B80-2007-4E0E-9182-E80861159592} = {6AA3B3BE-811A-4491-929B-3FD7D8B45AAA}
		{7E191ABB-93FC-4496-94EC-92507C0F0828} = {6AA3B3BE-811A-4491-929B-3FD7D8B45AAA}
		{DD90FCDA-0513-448A-8BA7-3B70211A1829} = {1B2A7B80-2007-4E0E-9182-E80861159592}
		{7D74C73F-F88D-42D4-93AE-0FE812D0AAD5} = {95FF73BE-8850-4CCC-844A-D9F67E75C312}
		{42317CCD-5AEF-4120-A5BE-BDC2868386D2} = {CD62E49D-CB3E-45CE-8970-6FD764332CC2}
		{4BF653D2-07C8-4BCD-99B1-1D8E8A382217} = {7E191ABB-93FC-4496-94EC-92507C0F0828}
		{EF5ECDB0-CD5E-4593-8D96-EC40827706FD} = {6AA3B3BE-811A-4491-929B-3FD7D8B45AAA}
		{9BDFE114-23E7-4261-A377-5326B9204B4F} = {1B2A7B80-2007-4E0E-9182-E80861159592}
	EndGlobalSection
	GlobalSection(ExtensibilityGlobals) = postSolution
		SolutionGuid = {4F03FF5B-709D-454E-97AA-02550EE96D30}
	EndGlobalSection
EndGlobal
